{
  "name": "vjoy-via-lan",
  "version": "1.0.0",
  "lockfileVersion": 2,
  "requires": true,
  "packages": {
    "": {
      "name": "vjoy-via-lan",
      "version": "1.0.0",
      "license": "MIT",
      "dependencies": {
        "vjoy": "^1.2.2"
      }
    },
    "node_modules/node-addon-api": {
      "version": "2.0.2",
      "resolved": "https://registry.npmjs.org/node-addon-api/-/node-addon-api-2.0.2.tgz",
      "integrity": "sha512-Ntyt4AIXyaLIuMHF6IOoTakB3K+RWxwtsHNRxllEoA6vPwP9o4866g6YWDLUdnucilZhmkxiHwHr11gAENw+QA=="
    },
    "node_modules/vjoy": {
      "version": "1.2.2",
      "resolved": "https://registry.npmjs.org/vjoy/-/vjoy-1.2.2.tgz",
      "integrity": "sha512-fVlMJjClbxz2eYYEMD60kFa1X4I9IojljIHrlq3k7JncfWJM/Iwiwj/ZcLaq9XAzdWu/iogeB6PM6QJVyNhoNw==",
      "cpu": [
        "x64",
        "ia32"
      ],
      "hasInstallScript": true,
      "os": [
        "win32"
      ],
      "dependencies": {
        "node-addon-api": "^2.0.2"
      },
      "engines": {
        "node": ">=8.0.0"
      }
    }
  },
  "dependencies": {
    "node-addon-api": {
      "version": "2.0.2",
      "resolved": "https://registry.npmjs.org/node-addon-api/-/node-addon-api-2.0.2.tgz",
      "integrity": "sha512-Ntyt4AIXyaLIuMHF6IOoTakB3K+RWxwtsHNRxllEoA6vPwP9o4866g6YWDLUdnucilZhmkxiHwHr11gAENw+QA=="
    },
    "vjoy": {
      "version": "1.2.2",
      "resolved": "https://registry.npmjs.org/vjoy/-/vjoy-1.2.2.tgz",
      "integrity": "sha512-fVlMJjClbxz2eYYEMD60kFa1X4I9IojljIHrlq3k7JncfWJM/Iwiwj/ZcLaq9XAzdWu/iogeB6PM6QJVyNhoNw==",
      "requires": {
        "node-addon-api": "^2.0.2"
      }
    }
  }
}
